// !$*UTF8*$!
{
	archiveVersion = 1;
	classes = {
	};
	objectVersion = 50;
	objects = {

/* Begin PBXBuildFile section */
		9A02249C20AC537E0019A1A2 /* AppDelegate.m in Sources */ = {isa = PBXBuildFile; fileRef = 9A02249B20AC537E0019A1A2 /* AppDelegate.m */; };
		9A02249F20AC537F0019A1A2 /* ViewController.m in Sources */ = {isa = PBXBuildFile; fileRef = 9A02249E20AC537F0019A1A2 /* ViewController.m */; };
		9A0224A220AC537F0019A1A2 /* Main.storyboard in Resources */ = {isa = PBXBuildFile; fileRef = 9A0224A020AC537F0019A1A2 /* Main.storyboard */; };
		9A0224A520AC537F0019A1A2 /* CYW.xcdatamodeld in Sources */ = {isa = PBXBuildFile; fileRef = 9A0224A320AC537F0019A1A2 /* CYW.xcdatamodeld */; };
		9A0224A720AC53800019A1A2 /* Assets.xcassets in Resources */ = {isa = PBXBuildFile; fileRef = 9A0224A620AC53800019A1A2 /* Assets.xcassets */; };
		9A0224AA20AC53800019A1A2 /* LaunchScreen.storyboard in Resources */ = {isa = PBXBuildFile; fileRef = 9A0224A820AC53800019A1A2 /* LaunchScreen.storyboard */; };
		9A0224AD20AC53800019A1A2 /* main.m in Sources */ = {isa = PBXBuildFile; fileRef = 9A0224AC20AC53800019A1A2 /* main.m */; };
		9BA4776B2FCA394B848631CD /* Pods_CYW.framework in Frameworks */ = {isa = PBXBuildFile; fileRef = A0C91C4292E0E4503E4E004E /* Pods_CYW.framework */; };
/* End PBXBuildFile section */

/* Begin PBXFileReference section */
		3EF727BCFCC5486EE97D628B /* Pods-CYW.debug.xcconfig */ = {isa = PBXFileReference; includeInIndex = 1; lastKnownFileType = text.xcconfig; name = "Pods-CYW.debug.xcconfig"; path = "Pods/Target Support Files/Pods-CYW/Pods-CYW.debug.xcconfig"; sourceTree = "<group>"; };
		4FB8B67BDBDFD6D6A5C4672B /* Pods-CYW.release.xcconfig */ = {isa = PBXFileReference; includeInIndex = 1; lastKnownFileType = text.xcconfig; name = "Pods-CYW.release.xcconfig"; path = "Pods/Target Support Files/Pods-CYW/Pods-CYW.release.xcconfig"; sourceTree = "<group>"; };
		9A02249720AC537E0019A1A2 /* CYW.app */ = {isa = PBXFileReference; explicitFileType = wrapper.application; includeInIndex = 0; path = CYW.app; sourceTree = BUILT_PRODUCTS_DIR; };
		9A02249A20AC537E0019A1A2 /* AppDelegate.h */ = {isa = PBXFileReference; lastKnownFileType = sourcecode.c.h; path = AppDelegate.h; sourceTree = "<group>"; };
		9A02249B20AC537E0019A1A2 /* AppDelegate.m */ = {isa = PBXFileReference; lastKnownFileType = sourcecode.c.objc; path = AppDelegate.m; sourceTree = "<group>"; };
		9A02249D20AC537E0019A1A2 /* ViewController.h */ = {isa = PBXFileReference; lastKnownFileType = sourcecode.c.h; path = ViewController.h; sourceTree = "<group>"; };
		9A02249E20AC537F0019A1A2 /* ViewController.m */ = {isa = PBXFileReference; lastKnownFileType = sourcecode.c.objc; path = ViewController.m; sourceTree = "<group>"; };
		9A0224A120AC537F0019A1A2 /* Base */ = {isa = PBXFileReference; lastKnownFileType = file.storyboard; name = Base; path = Base.lproj/Main.storyboard; sourceTree = "<group>"; };
		9A0224A420AC537F0019A1A2 /* CYW.xcdatamodel */ = {isa = PBXFileReference; lastKnownFileType = wrapper.xcdatamodel; path = CYW.xcdatamodel; sourceTree = "<group>"; };
		9A0224A620AC53800019A1A2 /* Assets.xcassets */ = {isa = PBXFileReference; lastKnownFileType = folder.assetcatalog; path = Assets.xcassets; sourceTree = "<group>"; };
		9A0224A920AC53800019A1A2 /* Base */ = {isa = PBXFileReference; lastKnownFileType = file.storyboard; name = Base; path = Base.lproj/LaunchScreen.storyboard; sourceTree = "<group>"; };
		9A0224AB20AC53800019A1A2 /* Info.plist */ = {isa = PBXFileReference; lastKnownFileType = text.plist.xml; path = Info.plist; sourceTree = "<group>"; };
		9A0224AC20AC53800019A1A2 /* main.m */ = {isa = PBXFileReference; lastKnownFileType = sourcecode.c.objc; path = main.m; sourceTree = "<group>"; };
		A0C91C4292E0E4503E4E004E /* Pods_CYW.framework */ = {isa = PBXFileReference; explicitFileType = wrapper.framework; includeInIndex = 0; path = Pods_CYW.framework; sourceTree = BUILT_PRODUCTS_DIR; };
/* End PBXFileReference section */

/* Begin PBXFrameworksBuildPhase section */
		9A02249420AC537E0019A1A2 /* Frameworks */ = {
			isa = PBXFrameworksBuildPhase;
			buildActionMask = 2147483647;
			files = (
				9BA4776B2FCA394B848631CD /* Pods_CYW.framework in Frameworks */,
			);
			runOnlyForDeploymentPostprocessing = 0;
		};
/* End PBXFrameworksBuildPhase section */

/* Begin PBXGroup section */
		43CB894E67823326F64E938B /* Frameworks */ = {
			isa = PBXGroup;
			children = (
				A0C91C4292E0E4503E4E004E /* Pods_CYW.framework */,
			);
			name = Frameworks;
			sourceTree = "<group>";
		};
		9A02248E20AC537E0019A1A2 = {
			isa = PBXGroup;
			children = (
				9A02249920AC537E0019A1A2 /* CYW */,
				9A02249820AC537E0019A1A2 /* Products */,
				E798E037C0ADD8686C5EEF05 /* Pods */,
				43CB894E67823326F64E938B /* Frameworks */,
			);
			sourceTree = "<group>";
		};
		9A02249820AC537E0019A1A2 /* Products */ = {
			isa = PBXGroup;
			children = (
				9A02249720AC537E0019A1A2 /* CYW.app */,
			);
			name = Products;
			sourceTree = "<group>";
		};
		9A02249920AC537E0019A1A2 /* CYW */ = {
			isa = PBXGroup;
			children = (
				9A02249A20AC537E0019A1A2 /* AppDelegate.h */,
				9A02249B20AC537E0019A1A2 /* AppDelegate.m */,
				9A02249D20AC537E0019A1A2 /* ViewController.h */,
				9A02249E20AC537F0019A1A2 /* ViewController.m */,
				9A0224A020AC537F0019A1A2 /* Main.storyboard */,
				9A0224A620AC53800019A1A2 /* Assets.xcassets */,
				9A0224A820AC53800019A1A2 /* LaunchScreen.storyboard */,
				9A0224AB20AC53800019A1A2 /* Info.plist */,
				9A0224AC20AC53800019A1A2 /* main.m */,
				9A0224A320AC537F0019A1A2 /* CYW.xcdatamodeld */,
			);
			path = CYW;
			sourceTree = "<group>";
		};
		E798E037C0ADD8686C5EEF05 /* Pods */ = {
			isa = PBXGroup;
			children = (
				3EF727BCFCC5486EE97D628B /* Pods-CYW.debug.xcconfig */,
				4FB8B67BDBDFD6D6A5C4672B /* Pods-CYW.release.xcconfig */,
			);
			name = Pods;
			sourceTree = "<group>";
		};
/* End PBXGroup section */

/* Begin PBXNativeTarget section */
		9A02249620AC537E0019A1A2 /* CYW */ = {
			isa = PBXNativeTarget;
			buildConfigurationList = 9A0224B020AC53800019A1A2 /* Build configuration list for PBXNativeTarget "CYW" */;
			buildPhases = (
				77F82F163C4FE74688CF1F3A /* [CP] Check Pods Manifest.lock */,
				9A02249320AC537E0019A1A2 /* Sources */,
				9A02249420AC537E0019A1A2 /* Frameworks */,
				9A02249520AC537E0019A1A2 /* Resources */,
				3B9CC80CB987EAA8C082FE3E /* [CP] Embed Pods Frameworks */,
			);
			buildRules = (
			);
			dependencies = (
			);
			name = CYW;
			productName = CYW;
			productReference = 9A02249720AC537E0019A1A2 /* CYW.app */;
			productType = "com.apple.product-type.application";
		};
/* End PBXNativeTarget section */

/* Begin PBXProject section */
		9A02248F20AC537E0019A1A2 /* Project object */ = {
			isa = PBXProject;
			attributes = {
				LastUpgradeCheck = 0930;
				ORGANIZATIONNAME = ZMJ;
				TargetAttributes = {
					9A02249620AC537E0019A1A2 = {
						CreatedOnToolsVersion = 9.3;
					};
				};
			};
			buildConfigurationList = 9A02249220AC537E0019A1A2 /* Build configuration list for PBXProject "CYW" */;
			compatibilityVersion = "Xcode 9.3";
			developmentRegion = en;
			hasScannedForEncodings = 0;
			knownRegions = (
				en,
				Base,
			);
			mainGroup = 9A02248E20AC537E0019A1A2;
			productRefGroup = 9A02249820AC537E0019A1A2 /* Products */;
			projectDirPath = "";
			projectRoot = "";
			targets = (
				9A02249620AC537E0019A1A2 /* CYW */,
			);
		};
/* End PBXProject section */

/* Begin PBXResourcesBuildPhase section */
		9A02249520AC537E0019A1A2 /* Resources */ = {
			isa = PBXResourcesBuildPhase;
			buildActionMask = 2147483647;
			files = (
				9A0224AA20AC53800019A1A2 /* LaunchScreen.storyboard in Resources */,
				9A0224A720AC53800019A1A2 /* Assets.xcassets in Resources */,
				9A0224A220AC537F0019A1A2 /* Main.storyboard in Resources */,
			);
			runOnlyForDeploymentPostprocessing = 0;
		};
/* End PBXResourcesBuildPhase section */

/* Begin PBXShellScriptBuildPhase section */
		3B9CC80CB987EAA8C082FE3E /* [CP] Embed Pods Frameworks */ = {
			isa = PBXShellScriptBuildPhase;
			buildActionMask = 2147483647;
			files = (
			);
			inputPaths = (
				"${SRCROOT}/Pods/Target Support Files/Pods-CYW/Pods-CYW-frameworks.sh",
				"${BUILT_PRODUCTS_DIR}/AFNetworking/AFNetworking.framework",
				"${BUILT_PRODUCTS_DIR}/BlocksKit/BlocksKit.framework",
				"${BUILT_PRODUCTS_DIR}/JSONModel/JSONModel.framework",
				"${BUILT_PRODUCTS_DIR}/ODRefreshControl/ODRefreshControl.framework",
				"${BUILT_PRODUCTS_DIR}/SDAutoLayout/SDAutoLayout.framework",
				"${BUILT_PRODUCTS_DIR}/SDCycleScrollView/SDCycleScrollView.framework",
				"${BUILT_PRODUCTS_DIR}/SDWebImage/SDWebImage.framework",
				"${BUILT_PRODUCTS_DIR}/SVPullToRefresh/SVPullToRefresh.framework",
				"${BUILT_PRODUCTS_DIR}/ZYQAssetPickerController/ZYQAssetPickerController.framework",
			);
			name = "[CP] Embed Pods Frameworks";
			outputPaths = (
				"${TARGET_BUILD_DIR}/${FRAMEWORKS_FOLDER_PATH}/AFNetworking.framework",
				"${TARGET_BUILD_DIR}/${FRAMEWORKS_FOLDER_PATH}/BlocksKit.framework",
				"${TARGET_BUILD_DIR}/${FRAMEWORKS_FOLDER_PATH}/JSONModel.framework",
				"${TARGET_BUILD_DIR}/${FRAMEWORKS_FOLDER_PATH}/ODRefreshControl.framework",
				"${TARGET_BUILD_DIR}/${FRAMEWORKS_FOLDER_PATH}/SDAutoLayout.framework",
				"${TARGET_BUILD_DIR}/${FRAMEWORKS_FOLDER_PATH}/SDCycleScrollView.framework",
				"${TARGET_BUILD_DIR}/${FRAMEWORKS_FOLDER_PATH}/SDWebImage.framework",
				"${TARGET_BUILD_DIR}/${FRAMEWORKS_FOLDER_PATH}/SVPullToRefresh.framework",
				"${TARGET_BUILD_DIR}/${FRAMEWORKS_FOLDER_PATH}/ZYQAssetPickerController.framework",
			);
			runOnlyForDeploymentPostprocessing = 0;
			shellPath = /bin/sh;
			shellScript = "\"${SRCROOT}/Pods/Target Support Files/Pods-CYW/Pods-CYW-frameworks.sh\"\n";
			showEnvVarsInLog = 0;
		};
		77F82F163C4FE74688CF1F3A /* [CP] Check Pods Manifest.lock */ = {
			isa = PBXShellScriptBuildPhase;
			buildActionMask = 2147483647;
			files = (
			);
			inputPaths = (
				"${PODS_PODFILE_DIR_PATH}/Podfile.lock",
				"${PODS_ROOT}/Manifest.lock",
			);
			name = "[CP] Check Pods Manifest.lock";
			outputPaths = (
				"$(DERIVED_FILE_DIR)/Pods-CYW-checkManifestLockResult.txt",
			);
			runOnlyForDeploymentPostprocessing = 0;
			shellPath = /bin/sh;
			shellScript = "diff \"${PODS_PODFILE_DIR_PATH}/Podfile.lock\" \"${PODS_ROOT}/Manifest.lock\" > /dev/null\nif [ $? != 0 ] ; then\n    # print error to STDERR\n    echo \"error: The sandbox is not in sync with the Podfile.lock. Run 'pod install' or update your CocoaPods installation.\" >&2\n    exit 1\nfi\n# This output is used by Xcode 'outputs' to avoid re-running this script phase.\necho \"SUCCESS\" > \"${SCRIPT_OUTPUT_FILE_0}\"\n";
			showEnvVarsInLog = 0;
		};
/* End PBXShellScriptBuildPhase section */

/* Begin PBXSourcesBuildPhase section */
		9A02249320AC537E0019A1A2 /* Sources */ = {
			isa = PBXSourcesBuildPhase;
			buildActionMask = 2147483647;
			files = (
				9A0224A520AC537F0019A1A2 /* CYW.xcdatamodeld in Sources */,
				9A02249F20AC537F0019A1A2 /* ViewController.m in Sources */,
				9A0224AD20AC53800019A1A2 /* main.m in Sources */,
				9A02249C20AC537E0019A1A2 /* AppDelegate.m in Sources */,
			);
			runOnlyForDeploymentPostprocessing = 0;
		};
/* End PBXSourcesBuildPhase section */

/* Begin PBXVariantGroup section */
		9A0224A020AC537F0019A1A2 /* Main.storyboard */ = {
			isa = PBXVariantGroup;
			children = (
				9A0224A120AC537F0019A1A2 /* Base */,
			);
			name = Main.storyboard;
			sourceTree = "<group>";
		};
		9A0224A820AC53800019A1A2 /* LaunchScreen.storyboard */ = {
			isa = PBXVariantGroup;
			children = (
				9A0224A920AC53800019A1A2 /* Base */,
			);
			name = LaunchScreen.storyboard;
			sourceTree = "<group>";
		};
/* End PBXVariantGroup section */

/* Begin XCBuildConfiguration section */
		9A0224AE20AC53800019A1A2 /* Debug */ = {
			isa = XCBuildConfiguration;
			buildSettings = {
				ALWAYS_SEARCH_USER_PATHS = NO;
				CLANG_ANALYZER_NONNULL = YES;
				CLANG_ANALYZER_NUMBER_OBJECT_CONVERSION = YES_AGGRESSIVE;
				CLANG_CXX_LANGUAGE_STANDARD = "gnu++14";
				CLANG_CXX_LIBRARY = "libc++";
				CLANG_ENABLE_MODULES = YES;
				CLANG_ENABLE_OBJC_ARC = YES;
				CLANG_ENABLE_OBJC_WEAK = YES;
				CLANG_WARN_BLOCK_CAPTURE_AUTORELEASING = YES;
				CLANG_WARN_BOOL_CONVERSION = YES;
				CLANG_WARN_COMMA = YES;
				CLANG_WARN_CONSTANT_CONVERSION = YES;
				CLANG_WARN_DEPRECATED_OBJC_IMPLEMENTATIONS = YES;
				CLANG_WARN_DIRECT_OBJC_ISA_USAGE = YES_ERROR;
				CLANG_WARN_DOCUMENTATION_COMMENTS = YES;
				CLANG_WARN_EMPTY_BODY = YES;
				CLANG_WARN_ENUM_CONVERSION = YES;
				CLANG_WARN_INFINITE_RECURSION = YES;
				CLANG_WARN_INT_CONVERSION = YES;
				CLANG_WARN_NON_LITERAL_NULL_CONVERSION = YES;
				CLANG_WARN_OBJC_IMPLICIT_RETAIN_SELF = YES;
				CLANG_WARN_OBJC_LITERAL_CONVERSION = YES;
				CLANG_WARN_OBJC_ROOT_CLASS = YES_ERROR;
				CLANG_WARN_RANGE_LOOP_ANALYSIS = YES;
				CLANG_WARN_STRICT_PROTOTYPES = YES;
				CLANG_WARN_SUSPICIOUS_MOVE = YES;
				CLANG_WARN_UNGUARDED_AVAILABILITY = YES_AGGRESSIVE;
				CLANG_WARN_UNREACHABLE_CODE = YES;
				CLANG_WARN__DUPLICATE_METHOD_MATCH = YES;
				CODE_SIGN_IDENTITY = "iPhone Developer";
				COPY_PHASE_STRIP = NO;
				DEBUG_INFORMATION_FORMAT = dwarf;
				ENABLE_STRICT_OBJC_MSGSEND = YES;
				ENABLE_TESTABILITY = YES;
				GCC_C_LANGUAGE_STANDARD = gnu11;
				GCC_DYNAMIC_NO_PIC = NO;
				GCC_NO_COMMON_BLOCKS = YES;
				GCC_OPTIMIZATION_LEVEL = 0;
				GCC_PREPROCESSOR_DEFINITIONS = (
					"DEBUG=1",
					"$(inherited)",
				);
				GCC_WARN_64_TO_32_BIT_CONVERSION = YES;
				GCC_WARN_ABOUT_RETURN_TYPE = YES_ERROR;
				GCC_WARN_UNDECLARED_SELECTOR = YES;
				GCC_WARN_UNINITIALIZED_AUTOS = YES_AGGRESSIVE;
				GCC_WARN_UNUSED_FUNCTION = YES;
				GCC_WARN_UNUSED_VARIABLE = YES;
				IPHONEOS_DEPLOYMENT_TARGET = 11.3;
				MTL_ENABLE_DEBUG_INFO = YES;
				ONLY_ACTIVE_ARCH = YES;
				SDKROOT = iphoneos;
			};
			name = Debug;
		};
		9A0224AF20AC53800019A1A2 /* Release */ = {
			isa = XCBuildConfiguration;
			buildSettings = {
				ALWAYS_SEARCH_USER_PATHS = NO;
				CLANG_ANALYZER_NONNULL = YES;
				CLANG_ANALYZER_NUMBER_OBJECT_CONVERSION = YES_AGGRESSIVE;
				CLANG_CXX_LANGUAGE_STANDARD = "gnu++14";
				CLANG_CXX_LIBRARY = "libc++";
				CLANG_ENABLE_MODULES = YES;
				CLANG_ENABLE_OBJC_ARC = YES;
				CLANG_ENABLE_OBJC_WEAK = YES;
				CLANG_WARN_BLOCK_CAPTURE_AUTORELEASING = YES;
				CLANG_WARN_BOOL_CONVERSION = YES;
				CLANG_WARN_COMMA = YES;
				CLANG_WARN_CONSTANT_CONVERSION = YES;
				CLANG_WARN_DEPRECATED_OBJC_IMPLEMENTATIONS = YES;
				CLANG_WARN_DIRECT_OBJC_ISA_USAGE = YES_ERROR;
				CLANG_WARN_DOCUMENTATION_COMMENTS = YES;
				CLANG_WARN_EMPTY_BODY = YES;
				CLANG_WARN_ENUM_CONVERSION = YES;
				CLANG_WARN_INFINITE_RECURSION = YES;
				CLANG_WARN_INT_CONVERSION = YES;
				CLANG_WARN_NON_LITERAL_NULL_CONVERSION = YES;
				CLANG_WARN_OBJC_IMPLICIT_RETAIN_SELF = YES;
				CLANG_WARN_OBJC_LITERAL_CONVERSION = YES;
				CLANG_WARN_OBJC_ROOT_CLASS = YES_ERROR;
				CLANG_WARN_RANGE_LOOP_ANALYSIS = YES;
				CLANG_WARN_STRICT_PROTOTYPES = YES;
				CLANG_WARN_SUSPICIOUS_MOVE = YES;
				CLANG_WARN_UNGUARDED_AVAILABILITY = YES_AGGRESSIVE;
				CLANG_WARN_UNREACHABLE_CODE = YES;
				CLANG_WARN__DUPLICATE_METHOD_MATCH = YES;
				CODE_SIGN_IDENTITY = "iPhone Developer";
				COPY_PHASE_STRIP = NO;
				DEBUG_INFORMATION_FORMAT = "dwarf-with-dsym";
				ENABLE_NS_ASSERTIONS = NO;
				ENABLE_STRICT_OBJC_MSGSEND = YES;
				GCC_C_LANGUAGE_STANDARD = gnu11;
				GCC_NO_COMMON_BLOCKS = YES;
				GCC_WARN_64_TO_32_BIT_CONVERSION = YES;
				GCC_WARN_ABOUT_RETURN_TYPE = YES_ERROR;
				GCC_WARN_UNDECLARED_SELECTOR = YES;
				GCC_WARN_UNINITIALIZED_AUTOS = YES_AGGRESSIVE;
				GCC_WARN_UNUSED_FUNCTION = YES;
				GCC_WARN_UNUSED_VARIABLE = YES;
				IPHONEOS_DEPLOYMENT_TARGET = 11.3;
				MTL_ENABLE_DEBUG_INFO = NO;
				SDKROOT = iphoneos;
				VALIDATE_PRODUCT = YES;
			};
			name = Release;
		};
		9A0224B120AC53800019A1A2 /* Debug */ = {
			isa = XCBuildConfiguration;
			baseConfigurationReference = 3EF727BCFCC5486EE97D628B /* Pods-CYW.debug.xcconfig */;
			buildSettings = {
				ASSETCATALOG_COMPILER_APPICON_NAME = AppIcon;
				CODE_SIGN_STYLE = Automatic;
				INFOPLIST_FILE = CYW/Info.plist;
				IPHONEOS_DEPLOYMENT_TARGET = 9.0;
				LD_RUNPATH_SEARCH_PATHS = (
					"$(inherited)",
					"@executable_path/Frameworks",
				);
				PRODUCT_BUNDLE_IDENTIFIER = com.jg.CYW;
				PRODUCT_NAME = "$(TARGET_NAME)";
				TARGETED_DEVICE_FAMILY = "1,2";
			};
			name = Debug;
		};
		9A0224B220AC53800019A1A2 /* Release */ = {
			isa = XCBuildConfiguration;
			baseConfigurationReference = 4FB8B67BDBDFD6D6A5C4672B /* Pods-CYW.release.xcconfig */;
			buildSettings = {
				ASSETCATALOG_COMPILER_APPICON_NAME = AppIcon;
				CODE_SIGN_STYLE = Automatic;
				INFOPLIST_FILE = CYW/Info.plist;
				IPHONEOS_DEPLOYMENT_TARGET = 9.0;
				LD_RUNPATH_SEARCH_PATHS = (
					"$(inherited)",
					"@executable_path/Frameworks",
				);
				PRODUCT_BUNDLE_IDENTIFIER = com.jg.CYW;
				PRODUCT_NAME = "$(TARGET_NAME)";
				TARGETED_DEVICE_FAMILY = "1,2";
			};
			name = Release;
		};
/* End XCBuildConfiguration section */

/* Begin XCConfigurationList section */
		9A02249220AC537E0019A1A2 /* Build configuration list for PBXProject "CYW" */ = {
			isa = XCConfigurationList;
			buildConfigurations = (
				9A0224AE20AC53800019A1A2 /* Debug */,
				9A0224AF20AC53800019A1A2 /* Release */,
			);
			defaultConfigurationIsVisible = 0;
			defaultConfigurationName = Release;
		};
		9A0224B020AC53800019A1A2 /* Build configuration list for PBXNativeTarget "CYW" */ = {
			isa = XCConfigurationList;
			buildConfigurations = (
				9A0224B120AC53800019A1A2 /* Debug */,
				9A0224B220AC53800019A1A2 /* Release */,
			);
			defaultConfigurationIsVisible = 0;
			defaultConfigurationName = Release;
		};
/* End XCConfigurationList section */

/* Begin XCVersionGroup section */
		9A0224A320AC537F0019A1A2 /* CYW.xcdatamodeld */ = {
			isa = XCVersionGroup;
			children = (
				9A0224A420AC537F0019A1A2 /* CYW.xcdatamodel */,
			);
			currentVersion = 9A0224A420AC537F0019A1A2 /* CYW.xcdatamodel */;
			path = CYW.xcdatamodeld;
			sourceTree = "<group>";
			versionGroupType = wrapper.xcdatamodel;
		};
/* End XCVersionGroup section */
	};
	rootObject = 9A02248F20AC537E0019A1A2 /* Project object */;
}
